// !$*UTF8*$!
{
	archiveVersion = 1;
	classes = {
	};
	objectVersion = 50;
	objects = {

/* Begin PBXBuildFile section */
		04342D3121CA075700C4A1BD /* DBManager.m in Sources */ = {isa = PBXBuildFile; fileRef = 04342D3021CA075700C4A1BD /* DBManager.m */; };
		04342D3721CA162000C4A1BD /* Variant.swift in Sources */ = {isa = PBXBuildFile; fileRef = 04342D3621CA162000C4A1BD /* Variant.swift */; };
		0458C1CE21C75E1E00A85E07 /* ProductListVC.swift in Sources */ = {isa = PBXBuildFile; fileRef = 0458C1CD21C75E1E00A85E07 /* ProductListVC.swift */; };
		0480B97F21C3F383006D2634 /* AppDelegate.swift in Sources */ = {isa = PBXBuildFile; fileRef = 0480B97E21C3F383006D2634 /* AppDelegate.swift */; };
		0480B98121C3F383006D2634 /* ViewController.swift in Sources */ = {isa = PBXBuildFile; fileRef = 0480B98021C3F383006D2634 /* ViewController.swift */; };
		0480B98421C3F383006D2634 /* Main.storyboard in Resources */ = {isa = PBXBuildFile; fileRef = 0480B98221C3F383006D2634 /* Main.storyboard */; };
		0480B98621C3F385006D2634 /* Assets.xcassets in Resources */ = {isa = PBXBuildFile; fileRef = 0480B98521C3F385006D2634 /* Assets.xcassets */; };
		0480B98921C3F385006D2634 /* LaunchScreen.storyboard in Resources */ = {isa = PBXBuildFile; fileRef = 0480B98721C3F385006D2634 /* LaunchScreen.storyboard */; };
		0480B99421C3F385006D2634 /* HeadyDemoTests.swift in Sources */ = {isa = PBXBuildFile; fileRef = 0480B99321C3F385006D2634 /* HeadyDemoTests.swift */; };
		0480B99F21C3F385006D2634 /* HeadyDemoUITests.swift in Sources */ = {isa = PBXBuildFile; fileRef = 0480B99E21C3F385006D2634 /* HeadyDemoUITests.swift */; };
		04909C6021C619BC009EB1E9 /* Products.storyboard in Resources */ = {isa = PBXBuildFile; fileRef = 04909C5F21C619BC009EB1E9 /* Products.storyboard */; };
		04D6236D21C8C63900CE25C2 /* CategoryChildTVC.swift in Sources */ = {isa = PBXBuildFile; fileRef = 04D6236C21C8C63900CE25C2 /* CategoryChildTVC.swift */; };
		04D6236F21C8E72A00CE25C2 /* ProductTVC.swift in Sources */ = {isa = PBXBuildFile; fileRef = 04D6236E21C8E72A00CE25C2 /* ProductTVC.swift */; };
		04F88FFF21C7EA8000A0297D /* CategoriesVC.swift in Sources */ = {isa = PBXBuildFile; fileRef = 04F88FFE21C7EA8000A0297D /* CategoriesVC.swift */; };
		04F8900421C7EC6400A0297D /* MNGButton.m in Sources */ = {isa = PBXBuildFile; fileRef = 04F8900321C7EC6400A0297D /* MNGButton.m */; };
		04F8901221C7EC7200A0297D /* Structures.swift in Sources */ = {isa = PBXBuildFile; fileRef = 04F8900921C7EC7200A0297D /* Structures.swift */; };
		04F8901521C7EC7200A0297D /* ServiceModel.swift in Sources */ = {isa = PBXBuildFile; fileRef = 04F8900D21C7EC7200A0297D /* ServiceModel.swift */; };
		04F8901621C7EC7200A0297D /* Reachability.m in Sources */ = {isa = PBXBuildFile; fileRef = 04F8900F21C7EC7200A0297D /* Reachability.m */; };
		04F8902021C7EC8100A0297D /* RateView.swift in Sources */ = {isa = PBXBuildFile; fileRef = 04F8901821C7EC8100A0297D /* RateView.swift */; };
		04F8902121C7EC8100A0297D /* CustomView.swift in Sources */ = {isa = PBXBuildFile; fileRef = 04F8901921C7EC8100A0297D /* CustomView.swift */; };
		04F8902221C7EC8100A0297D /* Global.swift in Sources */ = {isa = PBXBuildFile; fileRef = 04F8901A21C7EC8100A0297D /* Global.swift */; };
		04F8902321C7EC8100A0297D /* DriverRateView.swift in Sources */ = {isa = PBXBuildFile; fileRef = 04F8901B21C7EC8100A0297D /* DriverRateView.swift */; };
		04F8902421C7EC8100A0297D /* Enums.swift in Sources */ = {isa = PBXBuildFile; fileRef = 04F8901C21C7EC8100A0297D /* Enums.swift */; };
		04F8902521C7EC8100A0297D /* Extensions.swift in Sources */ = {isa = PBXBuildFile; fileRef = 04F8901D21C7EC8100A0297D /* Extensions.swift */; };
		04F8902621C7EC8100A0297D /* WebserviceClass.swift in Sources */ = {isa = PBXBuildFile; fileRef = 04F8901E21C7EC8100A0297D /* WebserviceClass.swift */; };
		04F8902721C7EC8100A0297D /* TextfieldExtension.swift in Sources */ = {isa = PBXBuildFile; fileRef = 04F8901F21C7EC8100A0297D /* TextfieldExtension.swift */; };
		04F8902E21C7ECC400A0297D /* Constants.swift in Sources */ = {isa = PBXBuildFile; fileRef = 04F8902C21C7ECC400A0297D /* Constants.swift */; };
		04F8902F21C7ECC400A0297D /* ServiceMethods.swift in Sources */ = {isa = PBXBuildFile; fileRef = 04F8902D21C7ECC400A0297D /* ServiceMethods.swift */; };
		04F8903221C7EE5D00A0297D /* CategoryParentTVC.swift in Sources */ = {isa = PBXBuildFile; fileRef = 04F8903121C7EE5D00A0297D /* CategoryParentTVC.swift */; };
		2906E912CD8556947A067D27 /* Pods_HeadyDemoTests.framework in Frameworks */ = {isa = PBXBuildFile; fileRef = CF3873086C6FA83958C15AE1 /* Pods_HeadyDemoTests.framework */; };
		BD5D5C61290BB7FF21EBC10D /* Pods_HeadyDemoUITests.framework in Frameworks */ = {isa = PBXBuildFile; fileRef = 59F0583EF63772532442AEAE /* Pods_HeadyDemoUITests.framework */; };
		DE42C2D76C4568930747A6E0 /* Pods_HeadyDemo.framework in Frameworks */ = {isa = PBXBuildFile; fileRef = AEABD9F4DA1466D2410E1358 /* Pods_HeadyDemo.framework */; };
/* End PBXBuildFile section */

/* Begin PBXContainerItemProxy section */
		0480B99021C3F385006D2634 /* PBXContainerItemProxy */ = {
			isa = PBXContainerItemProxy;
			containerPortal = 0480B97321C3F383006D2634 /* Project object */;
			proxyType = 1;
			remoteGlobalIDString = 0480B97A21C3F383006D2634;
			remoteInfo = HeadyDemo;
		};
		0480B99B21C3F385006D2634 /* PBXContainerItemProxy */ = {
			isa = PBXContainerItemProxy;
			containerPortal = 0480B97321C3F383006D2634 /* Project object */;
			proxyType = 1;
			remoteGlobalIDString = 0480B97A21C3F383006D2634;
			remoteInfo = HeadyDemo;
		};
/* End PBXContainerItemProxy section */

/* Begin PBXFileReference section */
		04342D2F21CA075700C4A1BD /* DBManager.h */ = {isa = PBXFileReference; fileEncoding = 4; lastKnownFileType = sourcecode.c.h; path = DBManager.h; sourceTree = "<group>"; };
		04342D3021CA075700C4A1BD /* DBManager.m */ = {isa = PBXFileReference; fileEncoding = 4; lastKnownFileType = sourcecode.c.objc; path = DBManager.m; sourceTree = "<group>"; };
		04342D3321CA079800C4A1BD /* HeadyDemo-Bridging-Header.h */ = {isa = PBXFileReference; lastKnownFileType = sourcecode.c.h; path = "HeadyDemo-Bridging-Header.h"; sourceTree = "<group>"; };
		04342D3621CA162000C4A1BD /* Variant.swift */ = {isa = PBXFileReference; lastKnownFileType = sourcecode.swift; path = Variant.swift; sourceTree = "<group>"; };
		0458C1CD21C75E1E00A85E07 /* ProductListVC.swift */ = {isa = PBXFileReference; lastKnownFileType = sourcecode.swift; path = ProductListVC.swift; sourceTree = "<group>"; };
		0480B97B21C3F383006D2634 /* HeadyDemo.app */ = {isa = PBXFileReference; explicitFileType = wrapper.application; includeInIndex = 0; path = HeadyDemo.app; sourceTree = BUILT_PRODUCTS_DIR; };
		0480B97E21C3F383006D2634 /* AppDelegate.swift */ = {isa = PBXFileReference; lastKnownFileType = sourcecode.swift; path = AppDelegate.swift; sourceTree = "<group>"; };
		0480B98021C3F383006D2634 /* ViewController.swift */ = {isa = PBXFileReference; lastKnownFileType = sourcecode.swift; path = ViewController.swift; sourceTree = "<group>"; };
		0480B98321C3F383006D2634 /* Base */ = {isa = PBXFileReference; lastKnownFileType = file.storyboard; name = Base; path = Base.lproj/Main.storyboard; sourceTree = "<group>"; };
		0480B98521C3F385006D2634 /* Assets.xcassets */ = {isa = PBXFileReference; lastKnownFileType = folder.assetcatalog; path = Assets.xcassets; sourceTree = "<group>"; };
		0480B98821C3F385006D2634 /* Base */ = {isa = PBXFileReference; lastKnownFileType = file.storyboard; name = Base; path = Base.lproj/LaunchScreen.storyboard; sourceTree = "<group>"; };
		0480B98A21C3F385006D2634 /* Info.plist */ = {isa = PBXFileReference; lastKnownFileType = text.plist.xml; path = Info.plist; sourceTree = "<group>"; };
		0480B98F21C3F385006D2634 /* HeadyDemoTests.xctest */ = {isa = PBXFileReference; explicitFileType = wrapper.cfbundle; includeInIndex = 0; path = HeadyDemoTests.xctest; sourceTree = BUILT_PRODUCTS_DIR; };
		0480B99321C3F385006D2634 /* HeadyDemoTests.swift */ = {isa = PBXFileReference; lastKnownFileType = sourcecode.swift; path = HeadyDemoTests.swift; sourceTree = "<group>"; };
		0480B99521C3F385006D2634 /* Info.plist */ = {isa = PBXFileReference; lastKnownFileType = text.plist.xml; path = Info.plist; sourceTree = "<group>"; };
		0480B99A21C3F385006D2634 /* HeadyDemoUITests.xctest */ = {isa = PBXFileReference; explicitFileType = wrapper.cfbundle; includeInIndex = 0; path = HeadyDemoUITests.xctest; sourceTree = BUILT_PRODUCTS_DIR; };
		0480B99E21C3F385006D2634 /* HeadyDemoUITests.swift */ = {isa = PBXFileReference; lastKnownFileType = sourcecode.swift; path = HeadyDemoUITests.swift; sourceTree = "<group>"; };
		0480B9A021C3F385006D2634 /* Info.plist */ = {isa = PBXFileReference; lastKnownFileType = text.plist.xml; path = Info.plist; sourceTree = "<group>"; };
		04909C5F21C619BC009EB1E9 /* Products.storyboard */ = {isa = PBXFileReference; lastKnownFileType = file.storyboard; path = Products.storyboard; sourceTree = "<group>"; };
		04D6236C21C8C63900CE25C2 /* CategoryChildTVC.swift */ = {isa = PBXFileReference; lastKnownFileType = sourcecode.swift; path = CategoryChildTVC.swift; sourceTree = "<group>"; };
		04D6236E21C8E72A00CE25C2 /* ProductTVC.swift */ = {isa = PBXFileReference; lastKnownFileType = sourcecode.swift; path = ProductTVC.swift; sourceTree = "<group>"; };
		04F88FFE21C7EA8000A0297D /* CategoriesVC.swift */ = {isa = PBXFileReference; lastKnownFileType = sourcecode.swift; path = CategoriesVC.swift; sourceTree = "<group>"; };
		04F8900221C7EC6400A0297D /* MNGButton.h */ = {isa = PBXFileReference; fileEncoding = 4; lastKnownFileType = sourcecode.c.h; path = MNGButton.h; sourceTree = "<group>"; };
		04F8900321C7EC6400A0297D /* MNGButton.m */ = {isa = PBXFileReference; fileEncoding = 4; lastKnownFileType = sourcecode.c.objc; path = MNGButton.m; sourceTree = "<group>"; };
		04F8900921C7EC7200A0297D /* Structures.swift */ = {isa = PBXFileReference; fileEncoding = 4; lastKnownFileType = sourcecode.swift; path = Structures.swift; sourceTree = "<group>"; };
		04F8900D21C7EC7200A0297D /* ServiceModel.swift */ = {isa = PBXFileReference; fileEncoding = 4; lastKnownFileType = sourcecode.swift; path = ServiceModel.swift; sourceTree = "<group>"; };
		04F8900F21C7EC7200A0297D /* Reachability.m */ = {isa = PBXFileReference; fileEncoding = 4; lastKnownFileType = sourcecode.c.objc; path = Reachability.m; sourceTree = "<group>"; };
		04F8901021C7EC7200A0297D /* Reachability.h */ = {isa = PBXFileReference; fileEncoding = 4; lastKnownFileType = sourcecode.c.h; path = Reachability.h; sourceTree = "<group>"; };
		04F8901821C7EC8100A0297D /* RateView.swift */ = {isa = PBXFileReference; fileEncoding = 4; lastKnownFileType = sourcecode.swift; path = RateView.swift; sourceTree = "<group>"; };
		04F8901921C7EC8100A0297D /* CustomView.swift */ = {isa = PBXFileReference; fileEncoding = 4; lastKnownFileType = sourcecode.swift; path = CustomView.swift; sourceTree = "<group>"; };
		04F8901A21C7EC8100A0297D /* Global.swift */ = {isa = PBXFileReference; fileEncoding = 4; lastKnownFileType = sourcecode.swift; path = Global.swift; sourceTree = "<group>"; };
		04F8901B21C7EC8100A0297D /* DriverRateView.swift */ = {isa = PBXFileReference; fileEncoding = 4; lastKnownFileType = sourcecode.swift; path = DriverRateView.swift; sourceTree = "<group>"; };
		04F8901C21C7EC8100A0297D /* Enums.swift */ = {isa = PBXFileReference; fileEncoding = 4; lastKnownFileType = sourcecode.swift; path = Enums.swift; sourceTree = "<group>"; };
		04F8901D21C7EC8100A0297D /* Extensions.swift */ = {isa = PBXFileReference; fileEncoding = 4; lastKnownFileType = sourcecode.swift; path = Extensions.swift; sourceTree = "<group>"; };
		04F8901E21C7EC8100A0297D /* WebserviceClass.swift */ = {isa = PBXFileReference; fileEncoding = 4; lastKnownFileType = sourcecode.swift; path = WebserviceClass.swift; sourceTree = "<group>"; };
		04F8901F21C7EC8100A0297D /* TextfieldExtension.swift */ = {isa = PBXFileReference; fileEncoding = 4; lastKnownFileType = sourcecode.swift; path = TextfieldExtension.swift; sourceTree = "<group>"; };
		04F8902C21C7ECC400A0297D /* Constants.swift */ = {isa = PBXFileReference; fileEncoding = 4; lastKnownFileType = sourcecode.swift; path = Constants.swift; sourceTree = "<group>"; };
		04F8902D21C7ECC400A0297D /* ServiceMethods.swift */ = {isa = PBXFileReference; fileEncoding = 4; lastKnownFileType = sourcecode.swift; path = ServiceMethods.swift; sourceTree = "<group>"; };
		04F8903121C7EE5D00A0297D /* CategoryParentTVC.swift */ = {isa = PBXFileReference; lastKnownFileType = sourcecode.swift; path = CategoryParentTVC.swift; sourceTree = "<group>"; };
		097C2983302DC9234D41B299 /* Pods-HeadyDemo.debug.xcconfig */ = {isa = PBXFileReference; includeInIndex = 1; lastKnownFileType = text.xcconfig; name = "Pods-HeadyDemo.debug.xcconfig"; path = "Pods/Target Support Files/Pods-HeadyDemo/Pods-HeadyDemo.debug.xcconfig"; sourceTree = "<group>"; };
		229A108C731945AF317A88D9 /* Pods-HeadyDemoTests.debug.xcconfig */ = {isa = PBXFileReference; includeInIndex = 1; lastKnownFileType = text.xcconfig; name = "Pods-HeadyDemoTests.debug.xcconfig"; path = "Pods/Target Support Files/Pods-HeadyDemoTests/Pods-HeadyDemoTests.debug.xcconfig"; sourceTree = "<group>"; };
		2EF14A506177CEA15177DDEC /* Pods-HeadyDemoUITests.debug.xcconfig */ = {isa = PBXFileReference; includeInIndex = 1; lastKnownFileType = text.xcconfig; name = "Pods-HeadyDemoUITests.debug.xcconfig"; path = "Pods/Target Support Files/Pods-HeadyDemoUITests/Pods-HeadyDemoUITests.debug.xcconfig"; sourceTree = "<group>"; };
		59F0583EF63772532442AEAE /* Pods_HeadyDemoUITests.framework */ = {isa = PBXFileReference; explicitFileType = wrapper.framework; includeInIndex = 0; path = Pods_HeadyDemoUITests.framework; sourceTree = BUILT_PRODUCTS_DIR; };
		81DB094D3F347D48371F4374 /* Pods-HeadyDemoTests.release.xcconfig */ = {isa = PBXFileReference; includeInIndex = 1; lastKnownFileType = text.xcconfig; name = "Pods-HeadyDemoTests.release.xcconfig"; path = "Pods/Target Support Files/Pods-HeadyDemoTests/Pods-HeadyDemoTests.release.xcconfig"; sourceTree = "<group>"; };
		AEABD9F4DA1466D2410E1358 /* Pods_HeadyDemo.framework */ = {isa = PBXFileReference; explicitFileType = wrapper.framework; includeInIndex = 0; path = Pods_HeadyDemo.framework; sourceTree = BUILT_PRODUCTS_DIR; };
		B9DC0F40459DCF55DD851BF0 /* Pods-HeadyDemo.release.xcconfig */ = {isa = PBXFileReference; includeInIndex = 1; lastKnownFileType = text.xcconfig; name = "Pods-HeadyDemo.release.xcconfig"; path = "Pods/Target Support Files/Pods-HeadyDemo/Pods-HeadyDemo.release.xcconfig"; sourceTree = "<group>"; };
		C916B1DDE58EE02CF4B1FE8F /* Pods-HeadyDemoUITests.release.xcconfig */ = {isa = PBXFileReference; includeInIndex = 1; lastKnownFileType = text.xcconfig; name = "Pods-HeadyDemoUITests.release.xcconfig"; path = "Pods/Target Support Files/Pods-HeadyDemoUITests/Pods-HeadyDemoUITests.release.xcconfig"; sourceTree = "<group>"; };
		CF3873086C6FA83958C15AE1 /* Pods_HeadyDemoTests.framework */ = {isa = PBXFileReference; explicitFileType = wrapper.framework; includeInIndex = 0; path = Pods_HeadyDemoTests.framework; sourceTree = BUILT_PRODUCTS_DIR; };
/* End PBXFileReference section */

/* Begin PBXFrameworksBuildPhase section */
		0480B97821C3F383006D2634 /* Frameworks */ = {
			isa = PBXFrameworksBuildPhase;
			buildActionMask = 2147483647;
			files = (
				DE42C2D76C4568930747A6E0 /* Pods_HeadyDemo.framework in Frameworks */,
			);
			runOnlyForDeploymentPostprocessing = 0;
		};
		0480B98C21C3F385006D2634 /* Frameworks */ = {
			isa = PBXFrameworksBuildPhase;
			buildActionMask = 2147483647;
			files = (
				2906E912CD8556947A067D27 /* Pods_HeadyDemoTests.framework in Frameworks */,
			);
			runOnlyForDeploymentPostprocessing = 0;
		};
		0480B99721C3F385006D2634 /* Frameworks */ = {
			isa = PBXFrameworksBuildPhase;
			buildActionMask = 2147483647;
			files = (
				BD5D5C61290BB7FF21EBC10D /* Pods_HeadyDemoUITests.framework in Frameworks */,
			);
			runOnlyForDeploymentPostprocessing = 0;
		};
/* End PBXFrameworksBuildPhase section */

/* Begin PBXGroup section */
		04342D2E21CA075700C4A1BD /* DBManager */ = {
			isa = PBXGroup;
			children = (
				04342D2F21CA075700C4A1BD /* DBManager.h */,
				04342D3021CA075700C4A1BD /* DBManager.m */,
			);
			path = DBManager;
			sourceTree = "<group>";
		};
		0480B97221C3F383006D2634 = {
			isa = PBXGroup;
			children = (
				0480B97D21C3F383006D2634 /* HeadyDemo */,
				0480B99221C3F385006D2634 /* HeadyDemoTests */,
				0480B99D21C3F385006D2634 /* HeadyDemoUITests */,
				0480B97C21C3F383006D2634 /* Products */,
				3FE183BBC5F2DD52163D576D /* Pods */,
				576E6692E29266DF94CDD185 /* Frameworks */,
			);
			sourceTree = "<group>";
		};
		0480B97C21C3F383006D2634 /* Products */ = {
			isa = PBXGroup;
			children = (
				0480B97B21C3F383006D2634 /* HeadyDemo.app */,
				0480B98F21C3F385006D2634 /* HeadyDemoTests.xctest */,
				0480B99A21C3F385006D2634 /* HeadyDemoUITests.xctest */,
			);
			name = Products;
			sourceTree = "<group>";
		};
		0480B97D21C3F383006D2634 /* HeadyDemo */ = {
			isa = PBXGroup;
			children = (
				0480B97E21C3F383006D2634 /* AppDelegate.swift */,
				0480B98021C3F383006D2634 /* ViewController.swift */,
				0480B98221C3F383006D2634 /* Main.storyboard */,
				04F8903021C7EE3300A0297D /* CustomCells */,
				04F8902B21C7ECC400A0297D /* Supporting Files */,
				04F8901721C7EC8100A0297D /* Customs */,
				04F8900521C7EC7200A0297D /* Model */,
				04F8900021C7EC6400A0297D /* CustomLibraries */,
				04909C5D21C619A7009EB1E9 /* Controllers */,
				04909C5E21C619A7009EB1E9 /* Storyboards */,
				0480B98521C3F385006D2634 /* Assets.xcassets */,
				0480B98721C3F385006D2634 /* LaunchScreen.storyboard */,
				0480B98A21C3F385006D2634 /* Info.plist */,
			);
			path = HeadyDemo;
			sourceTree = "<group>";
		};
		0480B99221C3F385006D2634 /* HeadyDemoTests */ = {
			isa = PBXGroup;
			children = (
				0480B99321C3F385006D2634 /* HeadyDemoTests.swift */,
				0480B99521C3F385006D2634 /* Info.plist */,
			);
			path = HeadyDemoTests;
			sourceTree = "<group>";
		};
		0480B99D21C3F385006D2634 /* HeadyDemoUITests */ = {
			isa = PBXGroup;
			children = (
				0480B99E21C3F385006D2634 /* HeadyDemoUITests.swift */,
				0480B9A021C3F385006D2634 /* Info.plist */,
			);
			path = HeadyDemoUITests;
			sourceTree = "<group>";
		};
		04909C5D21C619A7009EB1E9 /* Controllers */ = {
			isa = PBXGroup;
			children = (
				0458C1CD21C75E1E00A85E07 /* ProductListVC.swift */,
				04F88FFE21C7EA8000A0297D /* CategoriesVC.swift */,
			);
			path = Controllers;
			sourceTree = "<group>";
		};
		04909C5E21C619A7009EB1E9 /* Storyboards */ = {
			isa = PBXGroup;
			children = (
				04909C5F21C619BC009EB1E9 /* Products.storyboard */,
			);
			path = Storyboards;
			sourceTree = "<group>";
		};
		04F8900021C7EC6400A0297D /* CustomLibraries */ = {
			isa = PBXGroup;
			children = (
				04F8900121C7EC6400A0297D /* MNGButton */,
			);
			path = CustomLibraries;
			sourceTree = "<group>";
		};
		04F8900121C7EC6400A0297D /* MNGButton */ = {
			isa = PBXGroup;
			children = (
				04F8900221C7EC6400A0297D /* MNGButton.h */,
				04F8900321C7EC6400A0297D /* MNGButton.m */,
			);
			path = MNGButton;
			sourceTree = "<group>";
		};
		04F8900521C7EC7200A0297D /* Model */ = {
			isa = PBXGroup;
			children = (
				04F8900921C7EC7200A0297D /* Structures.swift */,
				04F8900D21C7EC7200A0297D /* ServiceModel.swift */,
				04F8900E21C7EC7200A0297D /* Reachability */,
				04342D3621CA162000C4A1BD /* Variant.swift */,
			);
			path = Model;
			sourceTree = "<group>";
		};
		04F8900E21C7EC7200A0297D /* Reachability */ = {
			isa = PBXGroup;
			children = (
				04F8900F21C7EC7200A0297D /* Reachability.m */,
				04F8901021C7EC7200A0297D /* Reachability.h */,
			);
			path = Reachability;
			sourceTree = "<group>";
		};
		04F8901721C7EC8100A0297D /* Customs */ = {
			isa = PBXGroup;
			children = (
				04342D2E21CA075700C4A1BD /* DBManager */,
				04F8901821C7EC8100A0297D /* RateView.swift */,
				04F8901921C7EC8100A0297D /* CustomView.swift */,
				04F8901A21C7EC8100A0297D /* Global.swift */,
				04F8901B21C7EC8100A0297D /* DriverRateView.swift */,
				04F8901C21C7EC8100A0297D /* Enums.swift */,
				04F8901D21C7EC8100A0297D /* Extensions.swift */,
				04F8901E21C7EC8100A0297D /* WebserviceClass.swift */,
				04F8901F21C7EC8100A0297D /* TextfieldExtension.swift */,
			);
			path = Customs;
			sourceTree = "<group>";
		};
		04F8902B21C7ECC400A0297D /* Supporting Files */ = {
			isa = PBXGroup;
			children = (
				04F8902C21C7ECC400A0297D /* Constants.swift */,
				04F8902D21C7ECC400A0297D /* ServiceMethods.swift */,
				04342D3321CA079800C4A1BD /* HeadyDemo-Bridging-Header.h */,
			);
			path = "Supporting Files";
			sourceTree = "<group>";
		};
		04F8903021C7EE3300A0297D /* CustomCells */ = {
			isa = PBXGroup;
			children = (
				04F8903121C7EE5D00A0297D /* CategoryParentTVC.swift */,
				04D6236C21C8C63900CE25C2 /* CategoryChildTVC.swift */,
				04D6236E21C8E72A00CE25C2 /* ProductTVC.swift */,
			);
			path = CustomCells;
			sourceTree = "<group>";
		};
		3FE183BBC5F2DD52163D576D /* Pods */ = {
			isa = PBXGroup;
			children = (
				097C2983302DC9234D41B299 /* Pods-HeadyDemo.debug.xcconfig */,
				B9DC0F40459DCF55DD851BF0 /* Pods-HeadyDemo.release.xcconfig */,
				229A108C731945AF317A88D9 /* Pods-HeadyDemoTests.debug.xcconfig */,
				81DB094D3F347D48371F4374 /* Pods-HeadyDemoTests.release.xcconfig */,
				2EF14A506177CEA15177DDEC /* Pods-HeadyDemoUITests.debug.xcconfig */,
				C916B1DDE58EE02CF4B1FE8F /* Pods-HeadyDemoUITests.release.xcconfig */,
			);
			name = Pods;
			sourceTree = "<group>";
		};
		576E6692E29266DF94CDD185 /* Frameworks */ = {
			isa = PBXGroup;
			children = (
				AEABD9F4DA1466D2410E1358 /* Pods_HeadyDemo.framework */,
				CF3873086C6FA83958C15AE1 /* Pods_HeadyDemoTests.framework */,
				59F0583EF63772532442AEAE /* Pods_HeadyDemoUITests.framework */,
			);
			name = Frameworks;
			sourceTree = "<group>";
		};
/* End PBXGroup section */

/* Begin PBXNativeTarget section */
		0480B97A21C3F383006D2634 /* HeadyDemo */ = {
			isa = PBXNativeTarget;
			buildConfigurationList = 0480B9A321C3F385006D2634 /* Build configuration list for PBXNativeTarget "HeadyDemo" */;
			buildPhases = (
				4DAF63B2D269CFE0A252EDC7 /* [CP] Check Pods Manifest.lock */,
				0480B97721C3F383006D2634 /* Sources */,
				0480B97821C3F383006D2634 /* Frameworks */,
				0480B97921C3F383006D2634 /* Resources */,
				F35B2C597BB712570B2BC990 /* [CP] Embed Pods Frameworks */,
			);
			buildRules = (
			);
			dependencies = (
			);
			name = HeadyDemo;
			productName = HeadyDemo;
			productReference = 0480B97B21C3F383006D2634 /* HeadyDemo.app */;
			productType = "com.apple.product-type.application";
		};
		0480B98E21C3F385006D2634 /* HeadyDemoTests */ = {
			isa = PBXNativeTarget;
			buildConfigurationList = 0480B9A621C3F385006D2634 /* Build configuration list for PBXNativeTarget "HeadyDemoTests" */;
			buildPhases = (
				8285A8F70B92C800BD67E66D /* [CP] Check Pods Manifest.lock */,
				0480B98B21C3F385006D2634 /* Sources */,
				0480B98C21C3F385006D2634 /* Frameworks */,
				0480B98D21C3F385006D2634 /* Resources */,
			);
			buildRules = (
			);
			dependencies = (
				0480B99121C3F385006D2634 /* PBXTargetDependency */,
			);
			name = HeadyDemoTests;
			productName = HeadyDemoTests;
			productReference = 0480B98F21C3F385006D2634 /* HeadyDemoTests.xctest */;
			productType = "com.apple.product-type.bundle.unit-test";
		};
		0480B99921C3F385006D2634 /* HeadyDemoUITests */ = {
			isa = PBXNativeTarget;
			buildConfigurationList = 0480B9A921C3F385006D2634 /* Build configuration list for PBXNativeTarget "HeadyDemoUITests" */;
			buildPhases = (
				74A7A6448F8F571BDBCF47EB /* [CP] Check Pods Manifest.lock */,
				0480B99621C3F385006D2634 /* Sources */,
				0480B99721C3F385006D2634 /* Frameworks */,
				0480B99821C3F385006D2634 /* Resources */,
			);
			buildRules = (
			);
			dependencies = (
				0480B99C21C3F385006D2634 /* PBXTargetDependency */,
			);
			name = HeadyDemoUITests;
			productName = HeadyDemoUITests;
			productReference = 0480B99A21C3F385006D2634 /* HeadyDemoUITests.xctest */;
			productType = "com.apple.product-type.bundle.ui-testing";
		};
/* End PBXNativeTarget section */

/* Begin PBXProject section */
		0480B97321C3F383006D2634 /* Project object */ = {
			isa = PBXProject;
			attributes = {
				LastSwiftUpdateCheck = 1010;
				LastUpgradeCheck = 1010;
				ORGANIZATIONNAME = "Shridhar Sawant";
				TargetAttributes = {
					0480B97A21C3F383006D2634 = {
						CreatedOnToolsVersion = 10.1;
					};
					0480B98E21C3F385006D2634 = {
						CreatedOnToolsVersion = 10.1;
						TestTargetID = 0480B97A21C3F383006D2634;
					};
					0480B99921C3F385006D2634 = {
						CreatedOnToolsVersion = 10.1;
						TestTargetID = 0480B97A21C3F383006D2634;
					};
				};
			};
			buildConfigurationList = 0480B97621C3F383006D2634 /* Build configuration list for PBXProject "HeadyDemo" */;
			compatibilityVersion = "Xcode 9.3";
			developmentRegion = en;
			hasScannedForEncodings = 0;
			knownRegions = (
				en,
				Base,
			);
			mainGroup = 0480B97221C3F383006D2634;
			productRefGroup = 0480B97C21C3F383006D2634 /* Products */;
			projectDirPath = "";
			projectRoot = "";
			targets = (
				0480B97A21C3F383006D2634 /* HeadyDemo */,
				0480B98E21C3F385006D2634 /* HeadyDemoTests */,
				0480B99921C3F385006D2634 /* HeadyDemoUITests */,
			);
		};
/* End PBXProject section */

/* Begin PBXResourcesBuildPhase section */
		0480B97921C3F383006D2634 /* Resources */ = {
			isa = PBXResourcesBuildPhase;
			buildActionMask = 2147483647;
			files = (
				0480B98921C3F385006D2634 /* LaunchScreen.storyboard in Resources */,
				0480B98621C3F385006D2634 /* Assets.xcassets in Resources */,
				04909C6021C619BC009EB1E9 /* Products.storyboard in Resources */,
				0480B98421C3F383006D2634 /* Main.storyboard in Resources */,
			);
			runOnlyForDeploymentPostprocessing = 0;
		};
		0480B98D21C3F385006D2634 /* Resources */ = {
			isa = PBXResourcesBuildPhase;
			buildActionMask = 2147483647;
			files = (
			);
			runOnlyForDeploymentPostprocessing = 0;
		};
		0480B99821C3F385006D2634 /* Resources */ = {
			isa = PBXResourcesBuildPhase;
			buildActionMask = 2147483647;
			files = (
			);
			runOnlyForDeploymentPostprocessing = 0;
		};
/* End PBXResourcesBuildPhase section */

/* Begin PBXShellScriptBuildPhase section */
		4DAF63B2D269CFE0A252EDC7 /* [CP] Check Pods Manifest.lock */ = {
			isa = PBXShellScriptBuildPhase;
			buildActionMask = 2147483647;
			files = (
			);
			inputPaths = (
				"${PODS_PODFILE_DIR_PATH}/Podfile.lock",
				"${PODS_ROOT}/Manifest.lock",
			);
			name = "[CP] Check Pods Manifest.lock";
			outputPaths = (
				"$(DERIVED_FILE_DIR)/Pods-HeadyDemo-checkManifestLockResult.txt",
			);
			runOnlyForDeploymentPostprocessing = 0;
			shellPath = /bin/sh;
			shellScript = "diff \"${PODS_PODFILE_DIR_PATH}/Podfile.lock\" \"${PODS_ROOT}/Manifest.lock\" > /dev/null\nif [ $? != 0 ] ; then\n    # print error to STDERR\n    echo \"error: The sandbox is not in sync with the Podfile.lock. Run 'pod install' or update your CocoaPods installation.\" >&2\n    exit 1\nfi\n# This output is used by Xcode 'outputs' to avoid re-running this script phase.\necho \"SUCCESS\" > \"${SCRIPT_OUTPUT_FILE_0}\"\n";
			showEnvVarsInLog = 0;
		};
		74A7A6448F8F571BDBCF47EB /* [CP] Check Pods Manifest.lock */ = {
			isa = PBXShellScriptBuildPhase;
			buildActionMask = 2147483647;
			files = (
			);
			inputPaths = (
				"${PODS_PODFILE_DIR_PATH}/Podfile.lock",
				"${PODS_ROOT}/Manifest.lock",
			);
			name = "[CP] Check Pods Manifest.lock";
			outputPaths = (
				"$(DERIVED_FILE_DIR)/Pods-HeadyDemoUITests-checkManifestLockResult.txt",
			);
			runOnlyForDeploymentPostprocessing = 0;
			shellPath = /bin/sh;
			shellScript = "diff \"${PODS_PODFILE_DIR_PATH}/Podfile.lock\" \"${PODS_ROOT}/Manifest.lock\" > /dev/null\nif [ $? != 0 ] ; then\n    # print error to STDERR\n    echo \"error: The sandbox is not in sync with the Podfile.lock. Run 'pod install' or update your CocoaPods installation.\" >&2\n    exit 1\nfi\n# This output is used by Xcode 'outputs' to avoid re-running this script phase.\necho \"SUCCESS\" > \"${SCRIPT_OUTPUT_FILE_0}\"\n";
			showEnvVarsInLog = 0;
		};
		8285A8F70B92C800BD67E66D /* [CP] Check Pods Manifest.lock */ = {
			isa = PBXShellScriptBuildPhase;
			buildActionMask = 2147483647;
			files = (
			);
			inputPaths = (
				"${PODS_PODFILE_DIR_PATH}/Podfile.lock",
				"${PODS_ROOT}/Manifest.lock",
			);
			name = "[CP] Check Pods Manifest.lock";
			outputPaths = (
				"$(DERIVED_FILE_DIR)/Pods-HeadyDemoTests-checkManifestLockResult.txt",
			);
			runOnlyForDeploymentPostprocessing = 0;
			shellPath = /bin/sh;
			shellScript = "diff \"${PODS_PODFILE_DIR_PATH}/Podfile.lock\" \"${PODS_ROOT}/Manifest.lock\" > /dev/null\nif [ $? != 0 ] ; then\n    # print error to STDERR\n    echo \"error: The sandbox is not in sync with the Podfile.lock. Run 'pod install' or update your CocoaPods installation.\" >&2\n    exit 1\nfi\n# This output is used by Xcode 'outputs' to avoid re-running this script phase.\necho \"SUCCESS\" > \"${SCRIPT_OUTPUT_FILE_0}\"\n";
			showEnvVarsInLog = 0;
		};
		F35B2C597BB712570B2BC990 /* [CP] Embed Pods Frameworks */ = {
			isa = PBXShellScriptBuildPhase;
			buildActionMask = 2147483647;
			files = (
			);
			inputPaths = (
				"${SRCROOT}/Pods/Target Support Files/Pods-HeadyDemo/Pods-HeadyDemo-frameworks.sh",
				"${BUILT_PRODUCTS_DIR}/ActionSheetPicker-3.0/ActionSheetPicker_3_0.framework",
				"${BUILT_PRODUCTS_DIR}/Alamofire/Alamofire.framework",
				"${BUILT_PRODUCTS_DIR}/MBProgressHUD/MBProgressHUD.framework",
				"${BUILT_PRODUCTS_DIR}/SDWebImage/SDWebImage.framework",
			);
			name = "[CP] Embed Pods Frameworks";
			outputPaths = (
				"${TARGET_BUILD_DIR}/${FRAMEWORKS_FOLDER_PATH}/ActionSheetPicker_3_0.framework",
				"${TARGET_BUILD_DIR}/${FRAMEWORKS_FOLDER_PATH}/Alamofire.framework",
				"${TARGET_BUILD_DIR}/${FRAMEWORKS_FOLDER_PATH}/MBProgressHUD.framework",
				"${TARGET_BUILD_DIR}/${FRAMEWORKS_FOLDER_PATH}/SDWebImage.framework",
			);
			runOnlyForDeploymentPostprocessing = 0;
			shellPath = /bin/sh;
			shellScript = "\"${SRCROOT}/Pods/Target Support Files/Pods-HeadyDemo/Pods-HeadyDemo-frameworks.sh\"\n";
			showEnvVarsInLog = 0;
		};
/* End PBXShellScriptBuildPhase section */

/* Begin PBXSourcesBuildPhase section */
		0480B97721C3F383006D2634 /* Sources */ = {
			isa = PBXSourcesBuildPhase;
			buildActionMask = 2147483647;
			files = (
				04F8902F21C7ECC400A0297D /* ServiceMethods.swift in Sources */,
				04F88FFF21C7EA8000A0297D /* CategoriesVC.swift in Sources */,
				04F8901521C7EC7200A0297D /* ServiceModel.swift in Sources */,
				04F8902021C7EC8100A0297D /* RateView.swift in Sources */,
				04F8902221C7EC8100A0297D /* Global.swift in Sources */,
				04F8901621C7EC7200A0297D /* Reachability.m in Sources */,
				04D6236F21C8E72A00CE25C2 /* ProductTVC.swift in Sources */,
				04342D3121CA075700C4A1BD /* DBManager.m in Sources */,
				04F8902421C7EC8100A0297D /* Enums.swift in Sources */,
				04F8900421C7EC6400A0297D /* MNGButton.m in Sources */,
				04F8901221C7EC7200A0297D /* Structures.swift in Sources */,
				04342D3721CA162000C4A1BD /* Variant.swift in Sources */,
				0480B98121C3F383006D2634 /* ViewController.swift in Sources */,
				04F8902721C7EC8100A0297D /* TextfieldExtension.swift in Sources */,
				04F8902621C7EC8100A0297D /* WebserviceClass.swift in Sources */,
				04D6236D21C8C63900CE25C2 /* CategoryChildTVC.swift in Sources */,
				04F8902521C7EC8100A0297D /* Extensions.swift in Sources */,
				04F8902321C7EC8100A0297D /* DriverRateView.swift in Sources */,
				04F8902E21C7ECC400A0297D /* Constants.swift in Sources */,
				04F8903221C7EE5D00A0297D /* CategoryParentTVC.swift in Sources */,
				04F8902121C7EC8100A0297D /* CustomView.swift in Sources */,
				0480B97F21C3F383006D2634 /* AppDelegate.swift in Sources */,
				0458C1CE21C75E1E00A85E07 /* ProductListVC.swift in Sources */,
			);
			runOnlyForDeploymentPostprocessing = 0;
		};
		0480B98B21C3F385006D2634 /* Sources */ = {
			isa = PBXSourcesBuildPhase;
			buildActionMask = 2147483647;
			files = (
				0480B99421C3F385006D2634 /* HeadyDemoTests.swift in Sources */,
			);
			runOnlyForDeploymentPostprocessing = 0;
		};
		0480B99621C3F385006D2634 /* Sources */ = {
			isa = PBXSourcesBuildPhase;
			buildActionMask = 2147483647;
			files = (
				0480B99F21C3F385006D2634 /* HeadyDemoUITests.swift in Sources */,
			);
			runOnlyForDeploymentPostprocessing = 0;
		};
/* End PBXSourcesBuildPhase section */

/* Begin PBXTargetDependency section */
		0480B99121C3F385006D2634 /* PBXTargetDependency */ = {
			isa = PBXTargetDependency;
			target = 0480B97A21C3F383006D2634 /* HeadyDemo */;
			targetProxy = 0480B99021C3F385006D2634 /* PBXContainerItemProxy */;
		};
		0480B99C21C3F385006D2634 /* PBXTargetDependency */ = {
			isa = PBXTargetDependency;
			target = 0480B97A21C3F383006D2634 /* HeadyDemo */;
			targetProxy = 0480B99B21C3F385006D2634 /* PBXContainerItemProxy */;
		};
/* End PBXTargetDependency section */

/* Begin PBXVariantGroup section */
		0480B98221C3F383006D2634 /* Main.storyboard */ = {
			isa = PBXVariantGroup;
			children = (
				0480B98321C3F383006D2634 /* Base */,
			);
			name = Main.storyboard;
			sourceTree = "<group>";
		};
		0480B98721C3F385006D2634 /* LaunchScreen.storyboard */ = {
			isa = PBXVariantGroup;
			children = (
				0480B98821C3F385006D2634 /* Base */,
			);
			name = LaunchScreen.storyboard;
			sourceTree = "<group>";
		};
/* End PBXVariantGroup section */

/* Begin XCBuildConfiguration section */
		0480B9A121C3F385006D2634 /* Debug */ = {
			isa = XCBuildConfiguration;
			buildSettings = {
				ALWAYS_SEARCH_USER_PATHS = NO;
				CLANG_ANALYZER_NONNULL = YES;
				CLANG_ANALYZER_NUMBER_OBJECT_CONVERSION = YES_AGGRESSIVE;
				CLANG_CXX_LANGUAGE_STANDARD = "gnu++14";
				CLANG_CXX_LIBRARY = "libc++";
				CLANG_ENABLE_MODULES = YES;
				CLANG_ENABLE_OBJC_ARC = YES;
				CLANG_ENABLE_OBJC_WEAK = YES;
				CLANG_WARN_BLOCK_CAPTURE_AUTORELEASING = YES;
				CLANG_WARN_BOOL_CONVERSION = YES;
				CLANG_WARN_COMMA = YES;
				CLANG_WARN_CONSTANT_CONVERSION = YES;
				CLANG_WARN_DEPRECATED_OBJC_IMPLEMENTATIONS = YES;
				CLANG_WARN_DIRECT_OBJC_ISA_USAGE = YES_ERROR;
				CLANG_WARN_DOCUMENTATION_COMMENTS = YES;
				CLANG_WARN_EMPTY_BODY = YES;
				CLANG_WARN_ENUM_CONVERSION = YES;
				CLANG_WARN_INFINITE_RECURSION = YES;
				CLANG_WARN_INT_CONVERSION = YES;
				CLANG_WARN_NON_LITERAL_NULL_CONVERSION = YES;
				CLANG_WARN_OBJC_IMPLICIT_RETAIN_SELF = YES;
				CLANG_WARN_OBJC_LITERAL_CONVERSION = YES;
				CLANG_WARN_OBJC_ROOT_CLASS = YES_ERROR;
				CLANG_WARN_RANGE_LOOP_ANALYSIS = YES;
				CLANG_WARN_STRICT_PROTOTYPES = YES;
				CLANG_WARN_SUSPICIOUS_MOVE = YES;
				CLANG_WARN_UNGUARDED_AVAILABILITY = YES_AGGRESSIVE;
				CLANG_WARN_UNREACHABLE_CODE = YES;
				CLANG_WARN__DUPLICATE_METHOD_MATCH = YES;
				CODE_SIGN_IDENTITY = "iPhone Developer";
				COPY_PHASE_STRIP = NO;
				DEBUG_INFORMATION_FORMAT = dwarf;
				ENABLE_STRICT_OBJC_MSGSEND = YES;
				ENABLE_TESTABILITY = YES;
				GCC_C_LANGUAGE_STANDARD = gnu11;
				GCC_DYNAMIC_NO_PIC = NO;
				GCC_NO_COMMON_BLOCKS = YES;
				GCC_OPTIMIZATION_LEVEL = 0;
				GCC_PREPROCESSOR_DEFINITIONS = (
					"DEBUG=1",
					"$(inherited)",
				);
				GCC_WARN_64_TO_32_BIT_CONVERSION = YES;
				GCC_WARN_ABOUT_RETURN_TYPE = YES_ERROR;
				GCC_WARN_UNDECLARED_SELECTOR = YES;
				GCC_WARN_UNINITIALIZED_AUTOS = YES_AGGRESSIVE;
				GCC_WARN_UNUSED_FUNCTION = YES;
				GCC_WARN_UNUSED_VARIABLE = YES;
				IPHONEOS_DEPLOYMENT_TARGET = 12.1;
				MTL_ENABLE_DEBUG_INFO = INCLUDE_SOURCE;
				MTL_FAST_MATH = YES;
				ONLY_ACTIVE_ARCH = YES;
				SDKROOT = iphoneos;
				SWIFT_ACTIVE_COMPILATION_CONDITIONS = DEBUG;
				SWIFT_OPTIMIZATION_LEVEL = "-Onone";
			};
			name = Debug;
		};
		0480B9A221C3F385006D2634 /* Release */ = {
			isa = XCBuildConfiguration;
			buildSettings = {
				ALWAYS_SEARCH_USER_PATHS = NO;
				CLANG_ANALYZER_NONNULL = YES;
				CLANG_ANALYZER_NUMBER_OBJECT_CONVERSION = YES_AGGRESSIVE;
				CLANG_CXX_LANGUAGE_STANDARD = "gnu++14";
				CLANG_CXX_LIBRARY = "libc++";
				CLANG_ENABLE_MODULES = YES;
				CLANG_ENABLE_OBJC_ARC = YES;
				CLANG_ENABLE_OBJC_WEAK = YES;
				CLANG_WARN_BLOCK_CAPTURE_AUTORELEASING = YES;
				CLANG_WARN_BOOL_CONVERSION = YES;
				CLANG_WARN_COMMA = YES;
				CLANG_WARN_CONSTANT_CONVERSION = YES;
				CLANG_WARN_DEPRECATED_OBJC_IMPLEMENTATIONS = YES;
				CLANG_WARN_DIRECT_OBJC_ISA_USAGE = YES_ERROR;
				CLANG_WARN_DOCUMENTATION_COMMENTS = YES;
				CLANG_WARN_EMPTY_BODY = YES;
				CLANG_WARN_ENUM_CONVERSION = YES;
				CLANG_WARN_INFINITE_RECURSION = YES;
				CLANG_WARN_INT_CONVERSION = YES;
				CLANG_WARN_NON_LITERAL_NULL_CONVERSION = YES;
				CLANG_WARN_OBJC_IMPLICIT_RETAIN_SELF = YES;
				CLANG_WARN_OBJC_LITERAL_CONVERSION = YES;
				CLANG_WARN_OBJC_ROOT_CLASS = YES_ERROR;
				CLANG_WARN_RANGE_LOOP_ANALYSIS = YES;
				CLANG_WARN_STRICT_PROTOTYPES = YES;
				CLANG_WARN_SUSPICIOUS_MOVE = YES;
				CLANG_WARN_UNGUARDED_AVAILABILITY = YES_AGGRESSIVE;
				CLANG_WARN_UNREACHABLE_CODE = YES;
				CLANG_WARN__DUPLICATE_METHOD_MATCH = YES;
				CODE_SIGN_IDENTITY = "iPhone Developer";
				COPY_PHASE_STRIP = NO;
				DEBUG_INFORMATION_FORMAT = "dwarf-with-dsym";
				ENABLE_NS_ASSERTIONS = NO;
				ENABLE_STRICT_OBJC_MSGSEND = YES;
				GCC_C_LANGUAGE_STANDARD = gnu11;
				GCC_NO_COMMON_BLOCKS = YES;
				GCC_WARN_64_TO_32_BIT_CONVERSION = YES;
				GCC_WARN_ABOUT_RETURN_TYPE = YES_ERROR;
				GCC_WARN_UNDECLARED_SELECTOR = YES;
				GCC_WARN_UNINITIALIZED_AUTOS = YES_AGGRESSIVE;
				GCC_WARN_UNUSED_FUNCTION = YES;
				GCC_WARN_UNUSED_VARIABLE = YES;
				IPHONEOS_DEPLOYMENT_TARGET = 12.1;
				MTL_ENABLE_DEBUG_INFO = NO;
				MTL_FAST_MATH = YES;
				SDKROOT = iphoneos;
				SWIFT_COMPILATION_MODE = wholemodule;
				SWIFT_OPTIMIZATION_LEVEL = "-O";
				VALIDATE_PRODUCT = YES;
			};
			name = Release;
		};
		0480B9A421C3F385006D2634 /* Debug */ = {
			isa = XCBuildConfiguration;
			baseConfigurationReference = 097C2983302DC9234D41B299 /* Pods-HeadyDemo.debug.xcconfig */;
			buildSettings = {
				ASSETCATALOG_COMPILER_APPICON_NAME = AppIcon;
				CODE_SIGN_STYLE = Automatic;
				DEVELOPMENT_TEAM = JAKAJA8K74;
				INFOPLIST_FILE = HeadyDemo/Info.plist;
				IPHONEOS_DEPLOYMENT_TARGET = 10.3;
				LD_RUNPATH_SEARCH_PATHS = (
					"$(inherited)",
					"@executable_path/Frameworks",
				);
				PRODUCT_BUNDLE_IDENTIFIER = com.shri.HeadyDemo;
				PRODUCT_NAME = "$(TARGET_NAME)";
				SWIFT_OBJC_BRIDGING_HEADER = "$(SRCROOT)/HeadyDemo/Supporting Files/HeadyDemo-Bridging-Header.h";
				SWIFT_VERSION = 4.2;
				TARGETED_DEVICE_FAMILY = 1;
			};
			name = Debug;
		};
		0480B9A521C3F385006D2634 /* Release */ = {
			isa = XCBuildConfiguration;
			baseConfigurationReference = B9DC0F40459DCF55DD851BF0 /* Pods-HeadyDemo.release.xcconfig */;
			buildSettings = {
				ASSETCATALOG_COMPILER_APPICON_NAME = AppIcon;
				CODE_SIGN_STYLE = Automatic;
				DEVELOPMENT_TEAM = JAKAJA8K74;
				INFOPLIST_FILE = HeadyDemo/Info.plist;
				IPHONEOS_DEPLOYMENT_TARGET = 10.3;
				LD_RUNPATH_SEARCH_PATHS = (
					"$(inherited)",
					"@executable_path/Frameworks",
				);
				PRODUCT_BUNDLE_IDENTIFIER = com.shri.HeadyDemo;
				PRODUCT_NAME = "$(TARGET_NAME)";
				SWIFT_OBJC_BRIDGING_HEADER = "$(SRCROOT)/HeadyDemo/Supporting Files/HeadyDemo-Bridging-Header.h";
				SWIFT_VERSION = 4.2;
				TARGETED_DEVICE_FAMILY = 1;
			};
			name = Release;
		};
		0480B9A721C3F385006D2634 /* Debug */ = {
			isa = XCBuildConfiguration;
			baseConfigurationReference = 229A108C731945AF317A88D9 /* Pods-HeadyDemoTests.debug.xcconfig */;
			buildSettings = {
				ALWAYS_EMBED_SWIFT_STANDARD_LIBRARIES = YES;
				BUNDLE_LOADER = "$(TEST_HOST)";
				CODE_SIGN_STYLE = Automatic;
				DEVELOPMENT_TEAM = JAKAJA8K74;
				INFOPLIST_FILE = HeadyDemoTests/Info.plist;
				LD_RUNPATH_SEARCH_PATHS = (
					"$(inherited)",
					"@executable_path/Frameworks",
					"@loader_path/Frameworks",
				);
				PRODUCT_BUNDLE_IDENTIFIER = com.shri.HeadyDemoTests;
				PRODUCT_NAME = "$(TARGET_NAME)";
				SWIFT_VERSION = 4.2;
				TARGETED_DEVICE_FAMILY = "1,2";
				TEST_HOST = "$(BUILT_PRODUCTS_DIR)/HeadyDemo.app/HeadyDemo";
			};
			name = Debug;
		};
		0480B9A821C3F385006D2634 /* Release */ = {
			isa = XCBuildConfiguration;
			baseConfigurationReference = 81DB094D3F347D48371F4374 /* Pods-HeadyDemoTests.release.xcconfig */;
			buildSettings = {
				ALWAYS_EMBED_SWIFT_STANDARD_LIBRARIES = YES;
				BUNDLE_LOADER = "$(TEST_HOST)";
				CODE_SIGN_STYLE = Automatic;
				DEVELOPMENT_TEAM = JAKAJA8K74;
				INFOPLIST_FILE = HeadyDemoTests/Info.plist;
				LD_RUNPATH_SEARCH_PATHS = (
					"$(inherited)",
					"@executable_path/Frameworks",
					"@loader_path/Frameworks",
				);
				PRODUCT_BUNDLE_IDENTIFIER = com.shri.HeadyDemoTests;
				PRODUCT_NAME = "$(TARGET_NAME)";
				SWIFT_VERSION = 4.2;
				TARGETED_DEVICE_FAMILY = "1,2";
				TEST_HOST = "$(BUILT_PRODUCTS_DIR)/HeadyDemo.app/HeadyDemo";
			};
			name = Release;
		};
		0480B9AA21C3F385006D2634 /* Debug */ = {
			isa = XCBuildConfiguration;
			baseConfigurationReference = 2EF14A506177CEA15177DDEC /* Pods-HeadyDemoUITests.debug.xcconfig */;
			buildSettings = {
				ALWAYS_EMBED_SWIFT_STANDARD_LIBRARIES = YES;
				CODE_SIGN_STYLE = Automatic;
				DEVELOPMENT_TEAM = JAKAJA8K74;
				INFOPLIST_FILE = HeadyDemoUITests/Info.plist;
				LD_RUNPATH_SEARCH_PATHS = (
					"$(inherited)",
					"@executable_path/Frameworks",
					"@loader_path/Frameworks",
				);
				PRODUCT_BUNDLE_IDENTIFIER = com.shri.HeadyDemoUITests;
				PRODUCT_NAME = "$(TARGET_NAME)";
				SWIFT_VERSION = 4.2;
				TARGETED_DEVICE_FAMILY = "1,2";
				TEST_TARGET_NAME = HeadyDemo;
			};
			name = Debug;
		};
		0480B9AB21C3F385006D2634 /* Release */ = {
			isa = XCBuildConfiguration;
			baseConfigurationReference = C916B1DDE58EE02CF4B1FE8F /* Pods-HeadyDemoUITests.release.xcconfig */;
			buildSettings = {
				ALWAYS_EMBED_SWIFT_STANDARD_LIBRARIES = YES;
				CODE_SIGN_STYLE = Automatic;
				DEVELOPMENT_TEAM = JAKAJA8K74;
				INFOPLIST_FILE = HeadyDemoUITests/Info.plist;
				LD_RUNPATH_SEARCH_PATHS = (
					"$(inherited)",
					"@executable_path/Frameworks",
					"@loader_path/Frameworks",
				);
				PRODUCT_BUNDLE_IDENTIFIER = com.shri.HeadyDemoUITests;
				PRODUCT_NAME = "$(TARGET_NAME)";
				SWIFT_VERSION = 4.2;
				TARGETED_DEVICE_FAMILY = "1,2";
				TEST_TARGET_NAME = HeadyDemo;
			};
			name = Release;
		};
/* End XCBuildConfiguration section */

/* Begin XCConfigurationList section */
		0480B97621C3F383006D2634 /* Build configuration list for PBXProject "HeadyDemo" */ = {
			isa = XCConfigurationList;
			buildConfigurations = (
				0480B9A121C3F385006D2634 /* Debug */,
				0480B9A221C3F385006D2634 /* Release */,
			);
			defaultConfigurationIsVisible = 0;
			defaultConfigurationName = Release;
		};
		0480B9A321C3F385006D2634 /* Build configuration list for PBXNativeTarget "HeadyDemo" */ = {
			isa = XCConfigurationList;
			buildConfigurations = (
				0480B9A421C3F385006D2634 /* Debug */,
				0480B9A521C3F385006D2634 /* Release */,
			);
			defaultConfigurationIsVisible = 0;
			defaultConfigurationName = Release;
		};
		0480B9A621C3F385006D2634 /* Build configuration list for PBXNativeTarget "HeadyDemoTests" */ = {
			isa = XCConfigurationList;
			buildConfigurations = (
				0480B9A721C3F385006D2634 /* Debug */,
				0480B9A821C3F385006D2634 /* Release */,
			);
			defaultConfigurationIsVisible = 0;
			defaultConfigurationName = Release;
		};
		0480B9A921C3F385006D2634 /* Build configuration list for PBXNativeTarget "HeadyDemoUITests" */ = {
			isa = XCConfigurationList;
			buildConfigurations = (
				0480B9AA21C3F385006D2634 /* Debug */,
				0480B9AB21C3F385006D2634 /* Release */,
			);
			defaultConfigurationIsVisible = 0;
			defaultConfigurationName = Release;
		};
/* End XCConfigurationList section */
	};
	rootObject = 0480B97321C3F383006D2634 /* Project object */;
}
